
Microsoft Visual Studio Solution File, Format Version 12.00
# Visual Studio 15
VisualStudioVersion = 15.0.27130.2024
MinimumVisualStudioVersion = 10.0.40219.1
Project("{9A19103F-16F7-4668-BE54-9A1E7A4F7556}") = "Exercise", "Exercise\Exercise.csproj", "{A2AEB8AD-9EAA-47AC-AB99-4AEFCB8549F4}"
EndProject
Project("{9A19103F-16F7-4668-BE54-9A1E7A4F7556}") = "Exercise.Tests", "..\tests\Exercise.Tests\Exercise.Tests.csproj", "{5215FB50-D6AE-4C31-A8A6-51EA8D38CE3D}"
EndProject
Global
	GlobalSection(SolutionConfigurationPlatforms) = preSolution
		Debug|Any CPU = Debug|Any CPU
		Release|Any CPU = Release|Any CPU
	EndGlobalSection
	GlobalSection(ProjectConfigurationPlatforms) = postSolution
		{A2AEB8AD-9EAA-47AC-AB99-4AEFCB8549F4}.Debug|Any CPU.ActiveCfg = Debug|Any CPU
		{A2AEB8AD-9EAA-47AC-AB99-4AEFCB8549F4}.Debug|Any CPU.Build.0 = Debug|Any CPU
		{A2AEB8AD-9EAA-47AC-AB99-4AEFCB8549F4}.Release|Any CPU.ActiveCfg = Release|Any CPU
		{A2AEB8AD-9EAA-47AC-AB99-4AEFCB8549F4}.Release|Any CPU.Build.0 = Release|Any CPU
		{5215FB50-D6AE-4C31-A8A6-51EA8D38CE3D}.Debug|Any CPU.ActiveCfg = Debug|Any CPU
		{5215FB50-D6AE-4C31-A8A6-51EA8D38CE3D}.Debug|Any CPU.Build.0 = Debug|Any CPU
		{5215FB50-D6AE-4C31-A8A6-51EA8D38CE3D}.Release|Any CPU.ActiveCfg = Release|Any CPU
		{5215FB50-D6AE-4C31-A8A6-51EA8D38CE3D}.Release|Any CPU.Build.0 = Release|Any CPU
	EndGlobalSection
	GlobalSection(SolutionProperties) = preSolution
		HideSolutionNode = FALSE
	EndGlobalSection
	GlobalSection(ExtensibilityGlobals) = postSolution
		SolutionGuid = {CF2C4DC3-D51B-4070-890C-C4149DF8D7E5}
	EndGlobalSection
EndGlobal
